{
  "name": "heilbaum-ionic-photoswipe",
  "version": "0.1.3-dev",
  "lockfileVersion": 1,
  "dependencies": {
    "@angular/common": {
      "version": "4.1.3",
      "resolved": "https://registry.npmjs.org/@angular/common/-/common-4.1.3.tgz",
      "integrity": "sha1-58R5HjITHPdMI5QowqZ9qrLu8Bc=",
      "dev": true
    },
    "@angular/compiler": {
      "version": "4.1.3",
      "resolved": "https://registry.npmjs.org/@angular/compiler/-/compiler-4.1.3.tgz",
      "integrity": "sha1-0t0whTsM9KVHWLSjFGMsIx+clMM=",
      "dev": true
    },
    "@angular/compiler-cli": {
      "version": "4.1.3",
      "resolved": "https://registry.npmjs.org/@angular/compiler-cli/-/compiler-cli-4.1.3.tgz",
      "integrity": "sha1-wjYv/fZXVkcUgfg5+rZ1vKwhP5Y=",
      "dev": true,
      "dependencies": {
        "@angular/tsc-wrapped": {
          "version": "4.1.3",
          "resolved": "https://registry.npmjs.org/@angular/tsc-wrapped/-/tsc-wrapped-4.1.3.tgz",
          "integrity": "sha1-LWNyyRh78WIerNlguUs5xPlSk80=",
          "dev": true
        },
        "tsickle": {
          "version": "0.21.6",
          "resolved": "https://registry.npmjs.org/tsickle/-/tsickle-0.21.6.tgz",
          "integrity": "sha1-U7Abl5xcE/2xOvs/uVgXflmRWI0=",
          "dev": true
        }
      }
    },
    "@angular/core": {
      "version": "4.1.3",
      "resolved": "https://registry.npmjs.org/@angular/core/-/core-4.1.3.tgz",
      "integrity": "sha1-KFSY64arfQtvmC+Pn0h+9hABOzU=",
      "dev": true
    },
    "@angular/forms": {
      "version": "4.1.3",
      "resolved": "https://registry.npmjs.org/@angular/forms/-/forms-4.1.3.tgz",
      "integrity": "sha1-OAq0w6+ExdHXSMKn0EFRx9yOSYI=",
      "dev": true
    },
    "@angular/http": {
      "version": "4.1.3",
      "resolved": "https://registry.npmjs.org/@angular/http/-/http-4.1.3.tgz",
      "integrity": "sha1-650cMCoBcoFfmlczENm+C964Ra4=",
      "dev": true
    },
    "@angular/platform-browser": {
      "version": "4.1.3",
      "resolved": "https://registry.npmjs.org/@angular/platform-browser/-/platform-browser-4.1.3.tgz",
      "integrity": "sha1-T6HbURndF4sxXdrlsym+4akypb0=",
      "dev": true
    },
    "@angular/platform-browser-dynamic": {
      "version": "4.1.3",
      "resolved": "https://registry.npmjs.org/@angular/platform-browser-dynamic/-/platform-browser-dynamic-4.1.3.tgz",
      "integrity": "sha1-PBP9z1kdSH9u/cHUaRPygMbYwuw=",
      "dev": true
    },
    "@angular/platform-server": {
      "version": "4.1.3",
      "resolved": "https://registry.npmjs.org/@angular/platform-server/-/platform-server-4.1.3.tgz",
      "integrity": "sha1-u/rkKxVzA1d1HaDhRdaG+SWpRDE=",
      "dev": true
    },
    "@types/node": {
      "version": "8.0.7",
      "resolved": "https://registry.npmjs.org/@types/node/-/node-8.0.7.tgz",
      "integrity": "sha512-fuCPLPe4yY0nv6Z1rTLFCEC452jl0k7i3gF/c8hdEKpYtEpt6Sk67hTGbxx8C0wmifFGPvKYd/O8CvS6dpgxMQ==",
      "dev": true
    },
    "ionic-angular": {
      "version": "3.5.0",
      "resolved": "https://registry.npmjs.org/ionic-angular/-/ionic-angular-3.5.0.tgz",
      "integrity": "sha1-NbwT6k8z0wjAwhQna1GuLsQAe60=",
      "dev": true
    },
    "minimist": {
      "version": "1.2.0",
      "resolved": "https://registry.npmjs.org/minimist/-/minimist-1.2.0.tgz",
      "integrity": "sha1-o1AIsg9BOD7sH7kU9M1d95omQoQ=",
      "dev": true
    },
    "parse5": {
      "version": "3.0.2",
      "resolved": "https://registry.npmjs.org/parse5/-/parse5-3.0.2.tgz",
      "integrity": "sha1-Be/1fw70V3+xRKefi5qWemzERRA=",
      "dev": true,
      "dependencies": {
        "@types/node": {
          "version": "6.0.79",
          "resolved": "https://registry.npmjs.org/@types/node/-/node-6.0.79.tgz",
          "integrity": "sha512-7F3/P6MkTPA0QxOstRqfcnoReCUy5V/QG92cyBoZSPnqdX44L8TtNELSVfN56gAttm3YWj9cEi8FRIPVq0WmeQ==",
          "dev": true
        }
      }
    },
    "photoswipe": {
      "version": "4.1.1",
      "resolved": "https://registry.npmjs.org/photoswipe/-/photoswipe-4.1.1.tgz",
      "integrity": "sha1-QbdWojh+IgwoZZiUVQMBS/Yiu6k="
    },
    "reflect-metadata": {
      "version": "0.1.10",
      "resolved": "https://registry.npmjs.org/reflect-metadata/-/reflect-metadata-0.1.10.tgz",
      "integrity": "sha1-tPg3BEFqytiZiMmxVjXUfgO5NEo=",
      "dev": true
    },
    "rxjs": {
      "version": "5.4.0",
      "resolved": "https://registry.npmjs.org/rxjs/-/rxjs-5.4.0.tgz",
      "integrity": "sha1-p9sUqxV/nXqsalbmVeejhg05vyY=",
      "dev": true
    },
    "source-map": {
      "version": "0.5.6",
      "resolved": "https://registry.npmjs.org/source-map/-/source-map-0.5.6.tgz",
      "integrity": "sha1-dc449SvwczxafwwRjYEzSiu19BI=",
      "dev": true
    },
    "typescript": {
      "version": "2.3.4",
      "resolved": "https://registry.npmjs.org/typescript/-/typescript-2.3.4.tgz",
      "integrity": "sha1-PTgyGCgjHkNPKHUUlZw3qCtin0I=",
      "dev": true
    },
    "xhr2": {
      "version": "0.1.4",
      "resolved": "https://registry.npmjs.org/xhr2/-/xhr2-0.1.4.tgz",
      "integrity": "sha1-f4dliEdxbbUCYyOBL4GMras4el8=",
      "dev": true
    },
    "zone.js": {
      "version": "0.8.12",
      "resolved": "https://registry.npmjs.org/zone.js/-/zone.js-0.8.12.tgz",
      "integrity": "sha1-hv9QU8mK7CkaC/S7rFAdaUoFz7s=",
      "dev": true
    }
  }
}
